
Microsoft Visual Studio Solution File, Format Version 12.00
# Visual Studio Version 17
VisualStudioVersion = 17.5.33627.172
MinimumVisualStudioVersion = 10.0.40219.1
Project("{FAE04EC0-301F-11D3-BF4B-00C04F79EFBC}") = "StudentDocVault", "StudentDocVault.csproj", "{6335E6DF-4CC5-43C9-9BF2-6016F1FF6022}"
EndProject
Global
	GlobalSection(SolutionConfigurationPlatforms) = preSolution
		Debug|Any CPU = Debug|Any CPU
		Release|Any CPU = Release|Any CPU
	EndGlobalSection
	GlobalSection(ProjectConfigurationPlatforms) = postSolution
		{6335E6DF-4CC5-43C9-9BF2-6016F1FF6022}.Debug|Any CPU.ActiveCfg = Debug|Any CPU
		{6335E6DF-4CC5-43C9-9BF2-6016F1FF6022}.Debug|Any CPU.Build.0 = Debug|Any CPU
		{6335E6DF-4CC5-43C9-9BF2-6016F1FF6022}.Release|Any CPU.ActiveCfg = Release|Any CPU
		{6335E6DF-4CC5-43C9-9BF2-6016F1FF6022}.Release|Any CPU.Build.0 = Release|Any CPU
	EndGlobalSection
	GlobalSection(SolutionProperties) = preSolution
		HideSolutionNode = FALSE
	EndGlobalSection
	GlobalSection(ExtensibilityGlobals) = postSolution
		SolutionGuid = {66CF8E8D-B8B7-4070-8317-3D74F3BEA76B}
	EndGlobalSection
EndGlobal
